{
  "name": "common",
  "version": "0.0.1",
  "lockfileVersion": 1,
  "requires": true,
  "dependencies": {
    "@angular/material": {
      "version": "11.2.5",
      "resolved": "https://registry.npmjs.org/@angular/material/-/material-11.2.5.tgz",
      "integrity": "sha512-zdzAexDl0WQ2NhRXpa6CKzIvenozLcLl0kmAJBSoUYclES9B+t86tPdWW5CKl4zJOHDM2ZnxhzkYGEffS9Qvug==",
      "requires": {
        "tslib": "^2.0.0"
      },
      "dependencies": {
        "tslib": {
          "version": "2.1.0",
          "resolved": "https://registry.npmjs.org/tslib/-/tslib-2.1.0.tgz",
          "integrity": "sha512-hcVC3wYEziELGGmEEXue7D75zbwIIVUMWAVbHItGPx0ziyXxrOMQx4rQEVEV45Ut/1IotuEvwqPopzIOkDMf0A=="
        }
      }
    }
  }
}
